// !$*UTF8*$!
{
	archiveVersion = 1;
	classes = {
	};
	objectVersion = 55;
	objects = {

/* Begin PBXBuildFile section */
		A827BE06278E0BB600BADF3F /* Puppy in Frameworks */ = {isa = PBXBuildFile; productRef = A827BE05278E0BB600BADF3F /* Puppy */; };
		A8479D17278BA69A001C3A41 /* gh_notifications_osxApp.swift in Sources */ = {isa = PBXBuildFile; fileRef = A8479D16278BA69A001C3A41 /* gh_notifications_osxApp.swift */; };
		A8479D19278BA69A001C3A41 /* ContentView.swift in Sources */ = {isa = PBXBuildFile; fileRef = A8479D18278BA69A001C3A41 /* ContentView.swift */; };
		A8479D1B278BA69C001C3A41 /* Assets.xcassets in Resources */ = {isa = PBXBuildFile; fileRef = A8479D1A278BA69C001C3A41 /* Assets.xcassets */; };
		A8479D1E278BA69C001C3A41 /* Preview Assets.xcassets in Resources */ = {isa = PBXBuildFile; fileRef = A8479D1D278BA69C001C3A41 /* Preview Assets.xcassets */; };
		A8479D27278BAAB0001C3A41 /* RequestKit in Frameworks */ = {isa = PBXBuildFile; productRef = A8479D26278BAAB0001C3A41 /* RequestKit */; };
		A8479D2A278BAB42001C3A41 /* OctoKit in Frameworks */ = {isa = PBXBuildFile; productRef = A8479D29278BAB42001C3A41 /* OctoKit */; };
		A8479D2D278BABA2001C3A41 /* RealmSwift in Frameworks */ = {isa = PBXBuildFile; productRef = A8479D2C278BABA2001C3A41 /* RealmSwift */; };
		A8479D2F278BABD9001C3A41 /* Notifications.swift in Sources */ = {isa = PBXBuildFile; fileRef = A8479D2E278BABD9001C3A41 /* Notifications.swift */; };
		A8479D32278BAC90001C3A41 /* ArgumentParser in Frameworks */ = {isa = PBXBuildFile; productRef = A8479D31278BAC90001C3A41 /* ArgumentParser */; };
/* End PBXBuildFile section */

/* Begin PBXFileReference section */
		A8479D13278BA69A001C3A41 /* gh-notifications-osx.app */ = {isa = PBXFileReference; explicitFileType = wrapper.application; includeInIndex = 0; path = "gh-notifications-osx.app"; sourceTree = BUILT_PRODUCTS_DIR; };
		A8479D16278BA69A001C3A41 /* gh_notifications_osxApp.swift */ = {isa = PBXFileReference; lastKnownFileType = sourcecode.swift; path = gh_notifications_osxApp.swift; sourceTree = "<group>"; };
		A8479D18278BA69A001C3A41 /* ContentView.swift */ = {isa = PBXFileReference; lastKnownFileType = sourcecode.swift; path = ContentView.swift; sourceTree = "<group>"; };
		A8479D1A278BA69C001C3A41 /* Assets.xcassets */ = {isa = PBXFileReference; lastKnownFileType = folder.assetcatalog; path = Assets.xcassets; sourceTree = "<group>"; };
		A8479D1D278BA69C001C3A41 /* Preview Assets.xcassets */ = {isa = PBXFileReference; lastKnownFileType = folder.assetcatalog; path = "Preview Assets.xcassets"; sourceTree = "<group>"; };
		A8479D1F278BA69C001C3A41 /* gh_notifications_osx.entitlements */ = {isa = PBXFileReference; lastKnownFileType = text.plist.entitlements; path = gh_notifications_osx.entitlements; sourceTree = "<group>"; };
		A8479D2E278BABD9001C3A41 /* Notifications.swift */ = {isa = PBXFileReference; lastKnownFileType = sourcecode.swift; path = Notifications.swift; sourceTree = "<group>"; };
		A89DC1BB278CFBC70078CAAB /* README.md */ = {isa = PBXFileReference; lastKnownFileType = net.daringfireball.markdown; path = README.md; sourceTree = "<group>"; };
/* End PBXFileReference section */

/* Begin PBXFrameworksBuildPhase section */
		A8479D10278BA69A001C3A41 /* Frameworks */ = {
			isa = PBXFrameworksBuildPhase;
			buildActionMask = 2147483647;
			files = (
				A8479D2D278BABA2001C3A41 /* RealmSwift in Frameworks */,
				A8479D2A278BAB42001C3A41 /* OctoKit in Frameworks */,
				A8479D32278BAC90001C3A41 /* ArgumentParser in Frameworks */,
				A827BE06278E0BB600BADF3F /* Puppy in Frameworks */,
				A8479D27278BAAB0001C3A41 /* RequestKit in Frameworks */,
			);
			runOnlyForDeploymentPostprocessing = 0;
		};
/* End PBXFrameworksBuildPhase section */

/* Begin PBXGroup section */
		A8479D0A278BA69A001C3A41 = {
			isa = PBXGroup;
			children = (
				A89DC1BB278CFBC70078CAAB /* README.md */,
				A8479D15278BA69A001C3A41 /* gh-notifications-osx */,
				A8479D14278BA69A001C3A41 /* Products */,
			);
			sourceTree = "<group>";
		};
		A8479D14278BA69A001C3A41 /* Products */ = {
			isa = PBXGroup;
			children = (
				A8479D13278BA69A001C3A41 /* gh-notifications-osx.app */,
			);
			name = Products;
			sourceTree = "<group>";
		};
		A8479D15278BA69A001C3A41 /* gh-notifications-osx */ = {
			isa = PBXGroup;
			children = (
				A8479D16278BA69A001C3A41 /* gh_notifications_osxApp.swift */,
				A8479D18278BA69A001C3A41 /* ContentView.swift */,
				A8479D1A278BA69C001C3A41 /* Assets.xcassets */,
				A8479D1F278BA69C001C3A41 /* gh_notifications_osx.entitlements */,
				A8479D1C278BA69C001C3A41 /* Preview Content */,
				A8479D2E278BABD9001C3A41 /* Notifications.swift */,
			);
			path = "gh-notifications-osx";
			sourceTree = "<group>";
		};
		A8479D1C278BA69C001C3A41 /* Preview Content */ = {
			isa = PBXGroup;
			children = (
				A8479D1D278BA69C001C3A41 /* Preview Assets.xcassets */,
			);
			path = "Preview Content";
			sourceTree = "<group>";
		};
/* End PBXGroup section */

/* Begin PBXNativeTarget section */
		A8479D12278BA69A001C3A41 /* gh-notifications-osx */ = {
			isa = PBXNativeTarget;
			buildConfigurationList = A8479D22278BA69C001C3A41 /* Build configuration list for PBXNativeTarget "gh-notifications-osx" */;
			buildPhases = (
				A8479D0F278BA69A001C3A41 /* Sources */,
				A8479D10278BA69A001C3A41 /* Frameworks */,
				A8479D11278BA69A001C3A41 /* Resources */,
			);
			buildRules = (
			);
			dependencies = (
			);
			name = "gh-notifications-osx";
			packageProductDependencies = (
				A8479D26278BAAB0001C3A41 /* RequestKit */,
				A8479D29278BAB42001C3A41 /* OctoKit */,
				A8479D2C278BABA2001C3A41 /* RealmSwift */,
				A8479D31278BAC90001C3A41 /* ArgumentParser */,
				A827BE05278E0BB600BADF3F /* Puppy */,
			);
			productName = "gh-notifications-osx";
			productReference = A8479D13278BA69A001C3A41 /* gh-notifications-osx.app */;
			productType = "com.apple.product-type.application";
		};
/* End PBXNativeTarget section */

/* Begin PBXProject section */
		A8479D0B278BA69A001C3A41 /* Project object */ = {
			isa = PBXProject;
			attributes = {
				BuildIndependentTargetsInParallel = 1;
				LastSwiftUpdateCheck = 1320;
				LastUpgradeCheck = 1320;
				TargetAttributes = {
					A8479D12278BA69A001C3A41 = {
						CreatedOnToolsVersion = 13.2.1;
					};
				};
			};
			buildConfigurationList = A8479D0E278BA69A001C3A41 /* Build configuration list for PBXProject "gh-notifications-osx" */;
			compatibilityVersion = "Xcode 13.0";
			developmentRegion = en;
			hasScannedForEncodings = 0;
			knownRegions = (
				en,
				Base,
			);
			mainGroup = A8479D0A278BA69A001C3A41;
			packageReferences = (
				A8479D25278BAAB0001C3A41 /* XCRemoteSwiftPackageReference "RequestKit" */,
				A8479D28278BAB42001C3A41 /* XCRemoteSwiftPackageReference "octokit" */,
				A8479D2B278BABA2001C3A41 /* XCRemoteSwiftPackageReference "realm-swift" */,
				A8479D30278BAC90001C3A41 /* XCRemoteSwiftPackageReference "swift-argument-parser" */,
				A827BE04278E0BB600BADF3F /* XCRemoteSwiftPackageReference "Puppy" */,
			);
			productRefGroup = A8479D14278BA69A001C3A41 /* Products */;
			projectDirPath = "";
			projectRoot = "";
			targets = (
				A8479D12278BA69A001C3A41 /* gh-notifications-osx */,
			);
		};
/* End PBXProject section */

/* Begin PBXResourcesBuildPhase section */
		A8479D11278BA69A001C3A41 /* Resources */ = {
			isa = PBXResourcesBuildPhase;
			buildActionMask = 2147483647;
			files = (
				A8479D1E278BA69C001C3A41 /* Preview Assets.xcassets in Resources */,
				A8479D1B278BA69C001C3A41 /* Assets.xcassets in Resources */,
			);
			runOnlyForDeploymentPostprocessing = 0;
		};
/* End PBXResourcesBuildPhase section */

/* Begin PBXSourcesBuildPhase section */
		A8479D0F278BA69A001C3A41 /* Sources */ = {
			isa = PBXSourcesBuildPhase;
			buildActionMask = 2147483647;
			files = (
				A8479D2F278BABD9001C3A41 /* Notifications.swift in Sources */,
				A8479D19278BA69A001C3A41 /* ContentView.swift in Sources */,
				A8479D17278BA69A001C3A41 /* gh_notifications_osxApp.swift in Sources */,
			);
			runOnlyForDeploymentPostprocessing = 0;
		};
/* End PBXSourcesBuildPhase section */

/* Begin XCBuildConfiguration section */
		A8479D20278BA69C001C3A41 /* Debug */ = {
			isa = XCBuildConfiguration;
			buildSettings = {
				ALWAYS_SEARCH_USER_PATHS = NO;
				CLANG_ANALYZER_NONNULL = YES;
				CLANG_ANALYZER_NUMBER_OBJECT_CONVERSION = YES_AGGRESSIVE;
				CLANG_CXX_LANGUAGE_STANDARD = "gnu++17";
				CLANG_CXX_LIBRARY = "libc++";
				CLANG_ENABLE_MODULES = YES;
				CLANG_ENABLE_OBJC_ARC = YES;
				CLANG_ENABLE_OBJC_WEAK = YES;
				CLANG_WARN_BLOCK_CAPTURE_AUTORELEASING = YES;
				CLANG_WARN_BOOL_CONVERSION = YES;
				CLANG_WARN_COMMA = YES;
				CLANG_WARN_CONSTANT_CONVERSION = YES;
				CLANG_WARN_DEPRECATED_OBJC_IMPLEMENTATIONS = YES;
				CLANG_WARN_DIRECT_OBJC_ISA_USAGE = YES_ERROR;
				CLANG_WARN_DOCUMENTATION_COMMENTS = YES;
				CLANG_WARN_EMPTY_BODY = YES;
				CLANG_WARN_ENUM_CONVERSION = YES;
				CLANG_WARN_INFINITE_RECURSION = YES;
				CLANG_WARN_INT_CONVERSION = YES;
				CLANG_WARN_NON_LITERAL_NULL_CONVERSION = YES;
				CLANG_WARN_OBJC_IMPLICIT_RETAIN_SELF = YES;
				CLANG_WARN_OBJC_LITERAL_CONVERSION = YES;
				CLANG_WARN_OBJC_ROOT_CLASS = YES_ERROR;
				CLANG_WARN_QUOTED_INCLUDE_IN_FRAMEWORK_HEADER = YES;
				CLANG_WARN_RANGE_LOOP_ANALYSIS = YES;
				CLANG_WARN_STRICT_PROTOTYPES = YES;
				CLANG_WARN_SUSPICIOUS_MOVE = YES;
				CLANG_WARN_UNGUARDED_AVAILABILITY = YES_AGGRESSIVE;
				CLANG_WARN_UNREACHABLE_CODE = YES;
				CLANG_WARN__DUPLICATE_METHOD_MATCH = YES;
				COPY_PHASE_STRIP = NO;
				DEBUG_INFORMATION_FORMAT = dwarf;
				ENABLE_STRICT_OBJC_MSGSEND = YES;
				ENABLE_TESTABILITY = YES;
				GCC_C_LANGUAGE_STANDARD = gnu11;
				GCC_DYNAMIC_NO_PIC = NO;
				GCC_NO_COMMON_BLOCKS = YES;
				GCC_OPTIMIZATION_LEVEL = 0;
				GCC_PREPROCESSOR_DEFINITIONS = (
					"DEBUG=1",
					"$(inherited)",
				);
				GCC_WARN_64_TO_32_BIT_CONVERSION = YES;
				GCC_WARN_ABOUT_RETURN_TYPE = YES_ERROR;
				GCC_WARN_UNDECLARED_SELECTOR = YES;
				GCC_WARN_UNINITIALIZED_AUTOS = YES_AGGRESSIVE;
				GCC_WARN_UNUSED_FUNCTION = YES;
				GCC_WARN_UNUSED_VARIABLE = YES;
				MACOSX_DEPLOYMENT_TARGET = 11.6;
				MTL_ENABLE_DEBUG_INFO = INCLUDE_SOURCE;
				MTL_FAST_MATH = YES;
				ONLY_ACTIVE_ARCH = YES;
				SDKROOT = macosx;
				SWIFT_ACTIVE_COMPILATION_CONDITIONS = DEBUG;
				SWIFT_OPTIMIZATION_LEVEL = "-Onone";
			};
			name = Debug;
		};
		A8479D21278BA69C001C3A41 /* Release */ = {
			isa = XCBuildConfiguration;
			buildSettings = {
				ALWAYS_SEARCH_USER_PATHS = NO;
				CLANG_ANALYZER_NONNULL = YES;
				CLANG_ANALYZER_NUMBER_OBJECT_CONVERSION = YES_AGGRESSIVE;
				CLANG_CXX_LANGUAGE_STANDARD = "gnu++17";
				CLANG_CXX_LIBRARY = "libc++";
				CLANG_ENABLE_MODULES = YES;
				CLANG_ENABLE_OBJC_ARC = YES;
				CLANG_ENABLE_OBJC_WEAK = YES;
				CLANG_WARN_BLOCK_CAPTURE_AUTORELEASING = YES;
				CLANG_WARN_BOOL_CONVERSION = YES;
				CLANG_WARN_COMMA = YES;
				CLANG_WARN_CONSTANT_CONVERSION = YES;
				CLANG_WARN_DEPRECATED_OBJC_IMPLEMENTATIONS = YES;
				CLANG_WARN_DIRECT_OBJC_ISA_USAGE = YES_ERROR;
				CLANG_WARN_DOCUMENTATION_COMMENTS = YES;
				CLANG_WARN_EMPTY_BODY = YES;
				CLANG_WARN_ENUM_CONVERSION = YES;
				CLANG_WARN_INFINITE_RECURSION = YES;
				CLANG_WARN_INT_CONVERSION = YES;
				CLANG_WARN_NON_LITERAL_NULL_CONVERSION = YES;
				CLANG_WARN_OBJC_IMPLICIT_RETAIN_SELF = YES;
				CLANG_WARN_OBJC_LITERAL_CONVERSION = YES;
				CLANG_WARN_OBJC_ROOT_CLASS = YES_ERROR;
				CLANG_WARN_QUOTED_INCLUDE_IN_FRAMEWORK_HEADER = YES;
				CLANG_WARN_RANGE_LOOP_ANALYSIS = YES;
				CLANG_WARN_STRICT_PROTOTYPES = YES;
				CLANG_WARN_SUSPICIOUS_MOVE = YES;
				CLANG_WARN_UNGUARDED_AVAILABILITY = YES_AGGRESSIVE;
				CLANG_WARN_UNREACHABLE_CODE = YES;
				CLANG_WARN__DUPLICATE_METHOD_MATCH = YES;
				COPY_PHASE_STRIP = NO;
				DEBUG_INFORMATION_FORMAT = "dwarf-with-dsym";
				ENABLE_NS_ASSERTIONS = NO;
				ENABLE_STRICT_OBJC_MSGSEND = YES;
				GCC_C_LANGUAGE_STANDARD = gnu11;
				GCC_NO_COMMON_BLOCKS = YES;
				GCC_WARN_64_TO_32_BIT_CONVERSION = YES;
				GCC_WARN_ABOUT_RETURN_TYPE = YES_ERROR;
				GCC_WARN_UNDECLARED_SELECTOR = YES;
				GCC_WARN_UNINITIALIZED_AUTOS = YES_AGGRESSIVE;
				GCC_WARN_UNUSED_FUNCTION = YES;
				GCC_WARN_UNUSED_VARIABLE = YES;
				MACOSX_DEPLOYMENT_TARGET = 11.6;
				MTL_ENABLE_DEBUG_INFO = NO;
				MTL_FAST_MATH = YES;
				SDKROOT = macosx;
				SWIFT_COMPILATION_MODE = wholemodule;
				SWIFT_OPTIMIZATION_LEVEL = "-O";
			};
			name = Release;
		};
		A8479D23278BA69C001C3A41 /* Debug */ = {
			isa = XCBuildConfiguration;
			buildSettings = {
				ASSETCATALOG_COMPILER_APPICON_NAME = AppIcon;
				ASSETCATALOG_COMPILER_GLOBAL_ACCENT_COLOR_NAME = AccentColor;
				CODE_SIGN_ENTITLEMENTS = "gh-notifications-osx/gh_notifications_osx.entitlements";
				CODE_SIGN_STYLE = Automatic;
				COMBINE_HIDPI_IMAGES = YES;
				CURRENT_PROJECT_VERSION = 1;
				DEVELOPMENT_ASSET_PATHS = "\"gh-notifications-osx/Preview Content\"";
				ENABLE_PREVIEWS = YES;
				GENERATE_INFOPLIST_FILE = YES;
				INFOPLIST_KEY_NSHumanReadableCopyright = "";
				LD_RUNPATH_SEARCH_PATHS = (
					"$(inherited)",
					"@executable_path/../Frameworks",
				);
				MARKETING_VERSION = 1.7;
				PRODUCT_BUNDLE_IDENTIFIER = "gh.gh-notifications-osx";
				PRODUCT_NAME = "$(TARGET_NAME)";
				SWIFT_EMIT_LOC_STRINGS = YES;
				SWIFT_VERSION = 5.0;
			};
			name = Debug;
		};
		A8479D24278BA69C001C3A41 /* Release */ = {
			isa = XCBuildConfiguration;
			buildSettings = {
				ASSETCATALOG_COMPILER_APPICON_NAME = AppIcon;
				ASSETCATALOG_COMPILER_GLOBAL_ACCENT_COLOR_NAME = AccentColor;
				CODE_SIGN_ENTITLEMENTS = "gh-notifications-osx/gh_notifications_osx.entitlements";
				CODE_SIGN_STYLE = Automatic;
				COMBINE_HIDPI_IMAGES = YES;
				CURRENT_PROJECT_VERSION = 1;
				DEVELOPMENT_ASSET_PATHS = "\"gh-notifications-osx/Preview Content\"";
				ENABLE_PREVIEWS = YES;
				GENERATE_INFOPLIST_FILE = YES;
				INFOPLIST_KEY_NSHumanReadableCopyright = "";
				LD_RUNPATH_SEARCH_PATHS = (
					"$(inherited)",
					"@executable_path/../Frameworks",
				);
				MARKETING_VERSION = 1.7;
				PRODUCT_BUNDLE_IDENTIFIER = "gh.gh-notifications-osx";
				PRODUCT_NAME = "$(TARGET_NAME)";
				SWIFT_EMIT_LOC_STRINGS = YES;
				SWIFT_VERSION = 5.0;
			};
			name = Release;
		};
/* End XCBuildConfiguration section */

/* Begin XCConfigurationList section */
		A8479D0E278BA69A001C3A41 /* Build configuration list for PBXProject "gh-notifications-osx" */ = {
			isa = XCConfigurationList;
			buildConfigurations = (
				A8479D20278BA69C001C3A41 /* Debug */,
				A8479D21278BA69C001C3A41 /* Release */,
			);
			defaultConfigurationIsVisible = 0;
			defaultConfigurationName = Release;
		};
		A8479D22278BA69C001C3A41 /* Build configuration list for PBXNativeTarget "gh-notifications-osx" */ = {
			isa = XCConfigurationList;
			buildConfigurations = (
				A8479D23278BA69C001C3A41 /* Debug */,
				A8479D24278BA69C001C3A41 /* Release */,
			);
			defaultConfigurationIsVisible = 0;
			defaultConfigurationName = Release;
		};
/* End XCConfigurationList section */

/* Begin XCRemoteSwiftPackageReference section */
		A827BE04278E0BB600BADF3F /* XCRemoteSwiftPackageReference "Puppy" */ = {
			isa = XCRemoteSwiftPackageReference;
			repositoryURL = "https://github.com/sushichop/Puppy";
			requirement = {
				kind = exactVersion;
				version = 0.3.1;
			};
		};
		A8479D25278BAAB0001C3A41 /* XCRemoteSwiftPackageReference "RequestKit" */ = {
			isa = XCRemoteSwiftPackageReference;
			repositoryURL = "https://github.com/niamster/RequestKit";
			requirement = {
				kind = revision;
				revision = 730e96ed549cc836ae3d4fe2f18b4a8125bc5edb;
			};
		};
		A8479D28278BAB42001C3A41 /* XCRemoteSwiftPackageReference "octokit" */ = {
			isa = XCRemoteSwiftPackageReference;
			repositoryURL = "https://github.com/niamster/octokit.swift";
			requirement = {
				kind = revision;
				revision = 2623c8b5ee7b639b55f9e42b6ae5a45b6643d3b0;
			};
		};
		A8479D2B278BABA2001C3A41 /* XCRemoteSwiftPackageReference "realm-swift" */ = {
			isa = XCRemoteSwiftPackageReference;
			repositoryURL = "https://github.com/realm/realm-swift.git";
			requirement = {
				kind = exactVersion;
				version = 10.20.2;
			};
		};
		A8479D30278BAC90001C3A41 /* XCRemoteSwiftPackageReference "swift-argument-parser" */ = {
			isa = XCRemoteSwiftPackageReference;
			repositoryURL = "https://github.com/apple/swift-argument-parser.git";
			requirement = {
				kind = upToNextMajorVersion;
				minimumVersion = 1.0.0;
			};
		};
/* End XCRemoteSwiftPackageReference section */

/* Begin XCSwiftPackageProductDependency section */
		A827BE05278E0BB600BADF3F /* Puppy */ = {
			isa = XCSwiftPackageProductDependency;
			package = A827BE04278E0BB600BADF3F /* XCRemoteSwiftPackageReference "Puppy" */;
			productName = Puppy;
		};
		A8479D26278BAAB0001C3A41 /* RequestKit */ = {
			isa = XCSwiftPackageProductDependency;
			package = A8479D25278BAAB0001C3A41 /* XCRemoteSwiftPackageReference "RequestKit" */;
			productName = RequestKit;
		};
		A8479D29278BAB42001C3A41 /* OctoKit */ = {
			isa = XCSwiftPackageProductDependency;
			package = A8479D28278BAB42001C3A41 /* XCRemoteSwiftPackageReference "octokit" */;
			productName = OctoKit;
		};
		A8479D2C278BABA2001C3A41 /* RealmSwift */ = {
			isa = XCSwiftPackageProductDependency;
			package = A8479D2B278BABA2001C3A41 /* XCRemoteSwiftPackageReference "realm-swift" */;
			productName = RealmSwift;
		};
		A8479D31278BAC90001C3A41 /* ArgumentParser */ = {
			isa = XCSwiftPackageProductDependency;
			package = A8479D30278BAC90001C3A41 /* XCRemoteSwiftPackageReference "swift-argument-parser" */;
			productName = ArgumentParser;
		};
/* End XCSwiftPackageProductDependency section */
	};
	rootObject = A8479D0B278BA69A001C3A41 /* Project object */;
}
